
Microsoft Visual Studio Solution File, Format Version 12.00
# Visual Studio 15
VisualStudioVersion = 15.0.28010.2026
MinimumVisualStudioVersion = 10.0.40219.1
Project("{FAE04EC0-301F-11D3-BF4B-00C04F79EFBC}") = "ConsoleApp2", "ConsoleApp2\ConsoleApp2.csproj", "{BDF03C9E-A286-4A5F-B89C-4B8332C94216}"
EndProject
Global
	GlobalSection(SolutionConfigurationPlatforms) = preSolution
		Debug|Any CPU = Debug|Any CPU
		Release|Any CPU = Release|Any CPU
	EndGlobalSection
	GlobalSection(ProjectConfigurationPlatforms) = postSolution
		{BDF03C9E-A286-4A5F-B89C-4B8332C94216}.Debug|Any CPU.ActiveCfg = Debug|Any CPU
		{BDF03C9E-A286-4A5F-B89C-4B8332C94216}.Debug|Any CPU.Build.0 = Debug|Any CPU
		{BDF03C9E-A286-4A5F-B89C-4B8332C94216}.Release|Any CPU.ActiveCfg = Release|Any CPU
		{BDF03C9E-A286-4A5F-B89C-4B8332C94216}.Release|Any CPU.Build.0 = Release|Any CPU
	EndGlobalSection
	GlobalSection(SolutionProperties) = preSolution
		HideSolutionNode = FALSE
	EndGlobalSection
	GlobalSection(ExtensibilityGlobals) = postSolution
		SolutionGuid = {8148E285-0314-41BF-A191-C0941F3EBE9E}
	EndGlobalSection
EndGlobal
